
Microsoft Visual Studio Solution File, Format Version 12.00
# Visual Studio Version 16
VisualStudioVersion = 16.0.30413.136
MinimumVisualStudioVersion = 10.0.40219.1
Project("{FAE04EC0-301F-11D3-BF4B-00C04F79EFBC}") = "AddressBookProblem-ADO.NET", "AddressBookProblem-ADO.NET\AddressBookProblem-ADO.NET.csproj", "{6ECFF1C7-A64F-44E1-8427-4E06DB6A306C}"
EndProject
Global
	GlobalSection(SolutionConfigurationPlatforms) = preSolution
		Debug|Any CPU = Debug|Any CPU
		Release|Any CPU = Release|Any CPU
	EndGlobalSection
	GlobalSection(ProjectConfigurationPlatforms) = postSolution
		{6ECFF1C7-A64F-44E1-8427-4E06DB6A306C}.Debug|Any CPU.ActiveCfg = Debug|Any CPU
		{6ECFF1C7-A64F-44E1-8427-4E06DB6A306C}.Debug|Any CPU.Build.0 = Debug|Any CPU
		{6ECFF1C7-A64F-44E1-8427-4E06DB6A306C}.Release|Any CPU.ActiveCfg = Release|Any CPU
		{6ECFF1C7-A64F-44E1-8427-4E06DB6A306C}.Release|Any CPU.Build.0 = Release|Any CPU
	EndGlobalSection
	GlobalSection(SolutionProperties) = preSolution
		HideSolutionNode = FALSE
	EndGlobalSection
	GlobalSection(ExtensibilityGlobals) = postSolution
		SolutionGuid = {13257860-6ECA-40F2-BD7E-E8D1CA2816E6}
	EndGlobalSection
EndGlobal
